
Microsoft Visual Studio Solution File, Format Version 12.00
# Visual Studio Version 16
VisualStudioVersion = 16.0.29709.97
MinimumVisualStudioVersion = 10.0.40219.1
Project("{FAE04EC0-301F-11D3-BF4B-00C04F79EFBC}") = "IT-PR-9", "IT-PR-9\IT-PR-9.csproj", "{97AB178D-C2E3-4653-B611-4902DBAFF03E}"
EndProject
Global
	GlobalSection(SolutionConfigurationPlatforms) = preSolution
		Debug|Any CPU = Debug|Any CPU
		Release|Any CPU = Release|Any CPU
	EndGlobalSection
	GlobalSection(ProjectConfigurationPlatforms) = postSolution
		{97AB178D-C2E3-4653-B611-4902DBAFF03E}.Debug|Any CPU.ActiveCfg = Debug|Any CPU
		{97AB178D-C2E3-4653-B611-4902DBAFF03E}.Debug|Any CPU.Build.0 = Debug|Any CPU
		{97AB178D-C2E3-4653-B611-4902DBAFF03E}.Release|Any CPU.ActiveCfg = Release|Any CPU
		{97AB178D-C2E3-4653-B611-4902DBAFF03E}.Release|Any CPU.Build.0 = Release|Any CPU
	EndGlobalSection
	GlobalSection(SolutionProperties) = preSolution
		HideSolutionNode = FALSE
	EndGlobalSection
	GlobalSection(ExtensibilityGlobals) = postSolution
		SolutionGuid = {B2AA47EA-294E-4E6B-894D-78A49018959C}
	EndGlobalSection
EndGlobal
